
Microsoft Visual Studio Solution File, Format Version 12.00
# Visual Studio Version 17
VisualStudioVersion = 17.14.36121.58 d17.14
MinimumVisualStudioVersion = 10.0.40219.1
Project("{FAE04EC0-301F-11D3-BF4B-00C04F79EFBC}") = "Floodless_MVC", "Floodless_MVC\Floodless_MVC.csproj", "{7A3EB4D8-0F18-4BDD-A0B4-89894D013A02}"
EndProject
Global
	GlobalSection(SolutionConfigurationPlatforms) = preSolution
		Debug|Any CPU = Debug|Any CPU
		Release|Any CPU = Release|Any CPU
	EndGlobalSection
	GlobalSection(ProjectConfigurationPlatforms) = postSolution
		{7A3EB4D8-0F18-4BDD-A0B4-89894D013A02}.Debug|Any CPU.ActiveCfg = Debug|Any CPU
		{7A3EB4D8-0F18-4BDD-A0B4-89894D013A02}.Debug|Any CPU.Build.0 = Debug|Any CPU
		{7A3EB4D8-0F18-4BDD-A0B4-89894D013A02}.Release|Any CPU.ActiveCfg = Release|Any CPU
		{7A3EB4D8-0F18-4BDD-A0B4-89894D013A02}.Release|Any CPU.Build.0 = Release|Any CPU
	EndGlobalSection
	GlobalSection(SolutionProperties) = preSolution
		HideSolutionNode = FALSE
	EndGlobalSection
	GlobalSection(ExtensibilityGlobals) = postSolution
		SolutionGuid = {A9833B98-5A53-4633-B112-D917FC02C082}
	EndGlobalSection
EndGlobal
